
Microsoft Visual Studio Solution File, Format Version 12.00
# Visual Studio Version 17
VisualStudioVersion = 17.3.32825.248
MinimumVisualStudioVersion = 10.0.40219.1
Project("{8BC9CEB8-8B4A-11D0-8D11-00A0C91BC942}") = "14.09.2022 - exam OOP", "14.09.2022 - exam OOP.vcxproj", "{C4352183-5728-43A9-AAC8-B4C9E7E93319}"
EndProject
Global
	GlobalSection(SolutionConfigurationPlatforms) = preSolution
		Debug|x64 = Debug|x64
		Debug|x86 = Debug|x86
		Release|x64 = Release|x64
		Release|x86 = Release|x86
	EndGlobalSection
	GlobalSection(ProjectConfigurationPlatforms) = postSolution
		{C4352183-5728-43A9-AAC8-B4C9E7E93319}.Debug|x64.ActiveCfg = Debug|x64
		{C4352183-5728-43A9-AAC8-B4C9E7E93319}.Debug|x64.Build.0 = Debug|x64
		{C4352183-5728-43A9-AAC8-B4C9E7E93319}.Debug|x86.ActiveCfg = Debug|Win32
		{C4352183-5728-43A9-AAC8-B4C9E7E93319}.Debug|x86.Build.0 = Debug|Win32
		{C4352183-5728-43A9-AAC8-B4C9E7E93319}.Release|x64.ActiveCfg = Release|x64
		{C4352183-5728-43A9-AAC8-B4C9E7E93319}.Release|x64.Build.0 = Release|x64
		{C4352183-5728-43A9-AAC8-B4C9E7E93319}.Release|x86.ActiveCfg = Release|Win32
		{C4352183-5728-43A9-AAC8-B4C9E7E93319}.Release|x86.Build.0 = Release|Win32
	EndGlobalSection
	GlobalSection(SolutionProperties) = preSolution
		HideSolutionNode = FALSE
	EndGlobalSection
	GlobalSection(ExtensibilityGlobals) = postSolution
		SolutionGuid = {C86F04AD-6D68-46A3-9BDE-3B82A2D2B1F8}
	EndGlobalSection
EndGlobal
